
Microsoft Visual Studio Solution File, Format Version 12.00
# Visual Studio Version 17
VisualStudioVersion = 17.13.35825.156
MinimumVisualStudioVersion = 10.0.40219.1
Project("{FAE04EC0-301F-11D3-BF4B-00C04F79EFBC}") = "DS2-ConsoleApp", "DS2-ConsoleApp\DS2-ConsoleApp.csproj", "{EC5D89F7-DF54-42CD-929E-8DFC809FA972}"
EndProject
Project("{FAE04EC0-301F-11D3-BF4B-00C04F79EFBC}") = "DS2-OrmLib", "DS2-OrmLib\DS2-OrmLib.csproj", "{51D41768-A5F3-4907-91C4-D9FCC2883981}"
EndProject
Global
	GlobalSection(SolutionConfigurationPlatforms) = preSolution
		Debug|Any CPU = Debug|Any CPU
		Release|Any CPU = Release|Any CPU
	EndGlobalSection
	GlobalSection(ProjectConfigurationPlatforms) = postSolution
		{EC5D89F7-DF54-42CD-929E-8DFC809FA972}.Debug|Any CPU.ActiveCfg = Debug|Any CPU
		{EC5D89F7-DF54-42CD-929E-8DFC809FA972}.Debug|Any CPU.Build.0 = Debug|Any CPU
		{EC5D89F7-DF54-42CD-929E-8DFC809FA972}.Release|Any CPU.ActiveCfg = Release|Any CPU
		{EC5D89F7-DF54-42CD-929E-8DFC809FA972}.Release|Any CPU.Build.0 = Release|Any CPU
		{51D41768-A5F3-4907-91C4-D9FCC2883981}.Debug|Any CPU.ActiveCfg = Debug|Any CPU
		{51D41768-A5F3-4907-91C4-D9FCC2883981}.Debug|Any CPU.Build.0 = Debug|Any CPU
		{51D41768-A5F3-4907-91C4-D9FCC2883981}.Release|Any CPU.ActiveCfg = Release|Any CPU
		{51D41768-A5F3-4907-91C4-D9FCC2883981}.Release|Any CPU.Build.0 = Release|Any CPU
	EndGlobalSection
	GlobalSection(SolutionProperties) = preSolution
		HideSolutionNode = FALSE
	EndGlobalSection
	GlobalSection(ExtensibilityGlobals) = postSolution
		SolutionGuid = {3E8B5443-C583-470D-8AB6-CA4EEE8325A9}
	EndGlobalSection
EndGlobal
