
Microsoft Visual Studio Solution File, Format Version 12.00
# Visual Studio Version 17
VisualStudioVersion = 17.9.34728.123
MinimumVisualStudioVersion = 10.0.40219.1
Project("{FAE04EC0-301F-11D3-BF4B-00C04F79EFBC}") = "StoreIS_orm", "StoreIS_orm.csproj", "{B43C5146-9481-4520-AF00-517AA604661A}"
EndProject
Global
	GlobalSection(SolutionConfigurationPlatforms) = preSolution
		Debug|Any CPU = Debug|Any CPU
		Release|Any CPU = Release|Any CPU
	EndGlobalSection
	GlobalSection(ProjectConfigurationPlatforms) = postSolution
		{B43C5146-9481-4520-AF00-517AA604661A}.Debug|Any CPU.ActiveCfg = Debug|Any CPU
		{B43C5146-9481-4520-AF00-517AA604661A}.Debug|Any CPU.Build.0 = Debug|Any CPU
		{B43C5146-9481-4520-AF00-517AA604661A}.Release|Any CPU.ActiveCfg = Release|Any CPU
		{B43C5146-9481-4520-AF00-517AA604661A}.Release|Any CPU.Build.0 = Release|Any CPU
	EndGlobalSection
	GlobalSection(SolutionProperties) = preSolution
		HideSolutionNode = FALSE
	EndGlobalSection
	GlobalSection(ExtensibilityGlobals) = postSolution
		SolutionGuid = {320628CB-B2B8-4AA6-9D9D-BCD344E5FFC2}
	EndGlobalSection
EndGlobal
